
Microsoft Visual Studio Solution File, Format Version 11.00
# Visual Studio 2010
Project("{FAE04EC0-301F-11D3-BF4B-00C04F79EFBC}") = "Assembly-CSharp", "Assembly-CSharp.csproj", "{00de99a7-bc3b-f893-e347-9fa924d19ef8}"
EndProject
Project("{FAE04EC0-301F-11D3-BF4B-00C04F79EFBC}") = "MyUnityFramework", "MyUnityFramework.csproj", "{0f783bc4-626c-7a2a-5687-ca4cac9b572c}"
EndProject
Project("{FAE04EC0-301F-11D3-BF4B-00C04F79EFBC}") = "Assembly-CSharp-Editor", "Assembly-CSharp-Editor.csproj", "{4578cbb8-4154-73c5-30ca-6c07301f823c}"
EndProject
Global
	GlobalSection(SolutionConfigurationPlatforms) = preSolution
		Debug|Any CPU = Debug|Any CPU
		Release|Any CPU = Release|Any CPU
	EndGlobalSection
	GlobalSection(ProjectConfigurationPlatforms) = postSolution
		{00de99a7-bc3b-f893-e347-9fa924d19ef8}.Debug|Any CPU.ActiveCfg = Debug|Any CPU
		{00de99a7-bc3b-f893-e347-9fa924d19ef8}.Debug|Any CPU.Build.0 = Debug|Any CPU
		{00de99a7-bc3b-f893-e347-9fa924d19ef8}.Release|Any CPU.ActiveCfg = Release|Any CPU
		{00de99a7-bc3b-f893-e347-9fa924d19ef8}.Release|Any CPU.Build.0 = Release|Any CPU
		{0f783bc4-626c-7a2a-5687-ca4cac9b572c}.Debug|Any CPU.ActiveCfg = Debug|Any CPU
		{0f783bc4-626c-7a2a-5687-ca4cac9b572c}.Debug|Any CPU.Build.0 = Debug|Any CPU
		{0f783bc4-626c-7a2a-5687-ca4cac9b572c}.Release|Any CPU.ActiveCfg = Release|Any CPU
		{0f783bc4-626c-7a2a-5687-ca4cac9b572c}.Release|Any CPU.Build.0 = Release|Any CPU
		{4578cbb8-4154-73c5-30ca-6c07301f823c}.Debug|Any CPU.ActiveCfg = Debug|Any CPU
		{4578cbb8-4154-73c5-30ca-6c07301f823c}.Debug|Any CPU.Build.0 = Debug|Any CPU
		{4578cbb8-4154-73c5-30ca-6c07301f823c}.Release|Any CPU.ActiveCfg = Release|Any CPU
		{4578cbb8-4154-73c5-30ca-6c07301f823c}.Release|Any CPU.Build.0 = Release|Any CPU
	EndGlobalSection
	GlobalSection(SolutionProperties) = preSolution
		HideSolutionNode = FALSE
	EndGlobalSection
EndGlobal
